
Microsoft Visual Studio Solution File, Format Version 12.00
# Visual Studio Version 17
VisualStudioVersion = 17.8.34330.188
MinimumVisualStudioVersion = 10.0.40219.1
Project("{F184B08F-C81C-45F6-A57F-5ABD9991F28F}") = "Unicafec.Presentacion", "Unicafec.Presentacion\Unicafec.Presentacion.vbproj", "{460FFB27-257E-4E3C-A5C7-099194D94CEC}"
EndProject
Project("{F184B08F-C81C-45F6-A57F-5ABD9991F28F}") = "Unicafec.Negocio", "Unicafec.Negocio\Unicafec.Negocio.vbproj", "{D85A1465-6C1B-4122-8E1F-EB79161A118E}"
EndProject
Project("{F184B08F-C81C-45F6-A57F-5ABD9991F28F}") = "Unicafec.Datos", "Unicafec.Datos\Unicafec.Datos.vbproj", "{09DB4111-EF6E-4C02-B5E6-6AB5E3D9C316}"
EndProject
Project("{F184B08F-C81C-45F6-A57F-5ABD9991F28F}") = "Unicafec.Entidades", "Unicafec.Entidades\Unicafec.Entidades.vbproj", "{DDD4DEE9-CE17-4491-81F8-658950F03B8C}"
EndProject
Global
	GlobalSection(SolutionConfigurationPlatforms) = preSolution
		Debug|Any CPU = Debug|Any CPU
		Release|Any CPU = Release|Any CPU
	EndGlobalSection
	GlobalSection(ProjectConfigurationPlatforms) = postSolution
		{460FFB27-257E-4E3C-A5C7-099194D94CEC}.Debug|Any CPU.ActiveCfg = Debug|Any CPU
		{460FFB27-257E-4E3C-A5C7-099194D94CEC}.Debug|Any CPU.Build.0 = Debug|Any CPU
		{460FFB27-257E-4E3C-A5C7-099194D94CEC}.Release|Any CPU.ActiveCfg = Release|Any CPU
		{460FFB27-257E-4E3C-A5C7-099194D94CEC}.Release|Any CPU.Build.0 = Release|Any CPU
		{D85A1465-6C1B-4122-8E1F-EB79161A118E}.Debug|Any CPU.ActiveCfg = Debug|Any CPU
		{D85A1465-6C1B-4122-8E1F-EB79161A118E}.Debug|Any CPU.Build.0 = Debug|Any CPU
		{D85A1465-6C1B-4122-8E1F-EB79161A118E}.Release|Any CPU.ActiveCfg = Release|Any CPU
		{D85A1465-6C1B-4122-8E1F-EB79161A118E}.Release|Any CPU.Build.0 = Release|Any CPU
		{09DB4111-EF6E-4C02-B5E6-6AB5E3D9C316}.Debug|Any CPU.ActiveCfg = Debug|Any CPU
		{09DB4111-EF6E-4C02-B5E6-6AB5E3D9C316}.Debug|Any CPU.Build.0 = Debug|Any CPU
		{09DB4111-EF6E-4C02-B5E6-6AB5E3D9C316}.Release|Any CPU.ActiveCfg = Release|Any CPU
		{09DB4111-EF6E-4C02-B5E6-6AB5E3D9C316}.Release|Any CPU.Build.0 = Release|Any CPU
		{DDD4DEE9-CE17-4491-81F8-658950F03B8C}.Debug|Any CPU.ActiveCfg = Debug|Any CPU
		{DDD4DEE9-CE17-4491-81F8-658950F03B8C}.Debug|Any CPU.Build.0 = Debug|Any CPU
		{DDD4DEE9-CE17-4491-81F8-658950F03B8C}.Release|Any CPU.ActiveCfg = Release|Any CPU
		{DDD4DEE9-CE17-4491-81F8-658950F03B8C}.Release|Any CPU.Build.0 = Release|Any CPU
	EndGlobalSection
	GlobalSection(SolutionProperties) = preSolution
		HideSolutionNode = FALSE
	EndGlobalSection
	GlobalSection(ExtensibilityGlobals) = postSolution
		SolutionGuid = {78314C01-88B0-4949-ADBB-0C710896162A}
	EndGlobalSection
EndGlobal
